
Microsoft Visual Studio Solution File, Format Version 12.00
# Visual Studio Version 16
VisualStudioVersion = 16.0.31729.503
MinimumVisualStudioVersion = 10.0.40219.1
Project("{FAE04EC0-301F-11D3-BF4B-00C04F79EFBC}") = "Задача", "Задача\Задача.csproj", "{28617B4F-AD92-4B13-9DEA-930724DC7690}"
EndProject
Global
	GlobalSection(SolutionConfigurationPlatforms) = preSolution
		Debug|Any CPU = Debug|Any CPU
		Release|Any CPU = Release|Any CPU
	EndGlobalSection
	GlobalSection(ProjectConfigurationPlatforms) = postSolution
		{28617B4F-AD92-4B13-9DEA-930724DC7690}.Debug|Any CPU.ActiveCfg = Debug|Any CPU
		{28617B4F-AD92-4B13-9DEA-930724DC7690}.Debug|Any CPU.Build.0 = Debug|Any CPU
		{28617B4F-AD92-4B13-9DEA-930724DC7690}.Release|Any CPU.ActiveCfg = Release|Any CPU
		{28617B4F-AD92-4B13-9DEA-930724DC7690}.Release|Any CPU.Build.0 = Release|Any CPU
	EndGlobalSection
	GlobalSection(SolutionProperties) = preSolution
		HideSolutionNode = FALSE
	EndGlobalSection
	GlobalSection(ExtensibilityGlobals) = postSolution
		SolutionGuid = {A61A7AFD-524C-4350-A18D-B9EFC4BEC6EE}
	EndGlobalSection
EndGlobal
